<?xml version="1.0" encoding="utf-8"?>
<Project ToolsVersion="4.0" xmlns="http://schemas.microsoft.com/developer/msbuild/2003">
  <ItemGroup>
    <Filter Include="win32">
      <UniqueIdentifier>{4836f36e-e0e6-4a2f-9bfa-c2865bcd7171}</UniqueIdentifier>
    </Filter>
    <Filter Include="Classes">
      <UniqueIdentifier>{b89973b7-d3c7-4aee-ab17-a6db56647ff5}</UniqueIdentifier>
    </Filter>
  </ItemGroup>
  <ItemGroup>
    <ClInclude Include="stdafx.h">
      <Filter>win32</Filter>
    </ClInclude>
    <ClInclude Include="targetver.h">
      <Filter>win32</Filter>
    </ClInclude>
    <ClInclude Include="Classes\Inserting a node.h">
      <Filter>Classes</Filter>
    </ClInclude>
    <ClInclude Include="Classes\Introduction.h">
      <Filter>Classes</Filter>
    </ClInclude>
    <ClInclude Include="Classes\DataStructure.h">
      <Filter>Classes</Filter>
    </ClInclude>
    <ClInclude Include="Classes\00Create.h">
      <Filter>Classes</Filter>
    </ClInclude>
    <ClInclude Include="Classes\01Inserting.h">
      <Filter>Classes</Filter>
    </ClInclude>
    <ClInclude Include="Classes\02Deleting.h">
      <Filter>Classes</Filter>
    </ClInclude>
    <ClInclude Include="Classes\03Changing.h">
      <Filter>Classes</Filter>
    </ClInclude>
    <ClInclude Include="Classes\04Searching.h">
      <Filter>Classes</Filter>
    </ClInclude>
    <ClInclude Include="Classes\FindLength.h">
      <Filter>Classes</Filter>
    </ClInclude>
  </ItemGroup>
  <ItemGroup>
    <ClCompile Include="stdafx.cpp">
      <Filter>win32</Filter>
    </ClCompile>
    <ClCompile Include="Singly Linked List.cpp">
      <Filter>win32</Filter>
    </ClCompile>
    <ClCompile Include="Classes\Inserting a node.cpp">
      <Filter>Classes</Filter>
    </ClCompile>
  </ItemGroup>
</Project>